{
  "name": "miniprogram-1",
  "version": "1.0.0",
  "lockfileVersion": 1,
  "requires": true,
  "dependencies": {
    "decode-uri-component": {
      "version": "0.2.0",
      "resolved": "https://registry.nlark.com/decode-uri-component/download/decode-uri-component-0.2.0.tgz",
      "integrity": "sha1-6zkTMzRYd1y4TNGh+uBiEGu4dUU="
    },
    "event-emitter-for-miniprogram": {
      "version": "0.0.12",
      "resolved": "https://registry.nlark.com/event-emitter-for-miniprogram/download/event-emitter-for-miniprogram-0.0.12.tgz",
      "integrity": "sha1-68WbdSO/K10fPBqeFUebJalYVMs="
    },
    "filter-obj": {
      "version": "1.1.0",
      "resolved": "https://registry.nlark.com/filter-obj/download/filter-obj-1.1.0.tgz",
      "integrity": "sha1-mzERErxsYSehbgFsbF1/GeCAXFs="
    },
    "js-base64": {
      "version": "3.6.1",
      "resolved": "https://registry.nlark.com/js-base64/download/js-base64-3.6.1.tgz?cache=0&sync_timestamp=1624608032865&other_urls=https%3A%2F%2Fregistry.nlark.com%2Fjs-base64%2Fdownload%2Fjs-base64-3.6.1.tgz",
      "integrity": "sha1-VVquOYt0aUtAN68filpiCdFw774="
    },
    "qcloud-iotexplorer-appdev-sdk": {
      "version": "1.1.14",
      "resolved": "https://registry.nlark.com/qcloud-iotexplorer-appdev-sdk/download/qcloud-iotexplorer-appdev-sdk-1.1.14.tgz",
      "integrity": "sha1-Qfh9LWV6oVQ3hue4Me9q02hgQ7E=",
      "requires": {
        "event-emitter-for-miniprogram": "^0.0.12",
        "js-base64": "^3.2.4",
        "query-string": "^6.9.0",
        "shortid-for-miniprogram": "^2.2.15",
        "tslib": "^2.0.1"
      }
    },
    "query-string": {
      "version": "6.14.1",
      "resolved": "https://registry.nlark.com/query-string/download/query-string-6.14.1.tgz",
      "integrity": "sha1-esLcpG2n8wlEm6D4ax/SglWwyGo=",
      "requires": {
        "decode-uri-component": "^0.2.0",
        "filter-obj": "^1.1.0",
        "split-on-first": "^1.0.0",
        "strict-uri-encode": "^2.0.0"
      }
    },
    "shortid-for-miniprogram": {
      "version": "2.2.15",
      "resolved": "https://registry.nlark.com/shortid-for-miniprogram/download/shortid-for-miniprogram-2.2.15.tgz",
      "integrity": "sha1-73P//lUSDc74MbINQanepKkaTRY="
    },
    "split-on-first": {
      "version": "1.1.0",
      "resolved": "https://registry.nlark.com/split-on-first/download/split-on-first-1.1.0.tgz",
      "integrity": "sha1-9hCv7uOxK84dDDBCXnY5i3gkml8="
    },
    "strict-uri-encode": {
      "version": "2.0.0",
      "resolved": "https://registry.nlark.com/strict-uri-encode/download/strict-uri-encode-2.0.0.tgz",
      "integrity": "sha1-ucczDHBChi9rFC3CdLvMWGbONUY="
    },
    "tslib": {
      "version": "2.3.1",
      "resolved": "https://registry.nlark.com/tslib/download/tslib-2.3.1.tgz",
      "integrity": "sha1-6KM1rdXOrlGqJh0ypJAVjvBC7wE="
    }
  }
}
